
Microsoft Visual Studio Solution File, Format Version 12.00
# Visual Studio Version 16
VisualStudioVersion = 16.0.30204.135
MinimumVisualStudioVersion = 10.0.40219.1
Project("{2150E333-8FDC-42A3-9474-1A3956D46DE8}") = "src", "src", "{79654BB3-7882-4FA4-869A-FB66842DB91D}"
EndProject
Project("{9A19103F-16F7-4668-BE54-9A1E7A4F7556}") = "ticktacktoe", "src\ticktacktoe\ticktacktoe.csproj", "{8D65E222-6F8D-4935-B85B-524A45724ED8}"
EndProject
Global
	GlobalSection(SolutionConfigurationPlatforms) = preSolution
		Debug|Any CPU = Debug|Any CPU
		Release|Any CPU = Release|Any CPU
	EndGlobalSection
	GlobalSection(ProjectConfigurationPlatforms) = postSolution
		{8D65E222-6F8D-4935-B85B-524A45724ED8}.Debug|Any CPU.ActiveCfg = Debug|Any CPU
		{8D65E222-6F8D-4935-B85B-524A45724ED8}.Debug|Any CPU.Build.0 = Debug|Any CPU
		{8D65E222-6F8D-4935-B85B-524A45724ED8}.Release|Any CPU.ActiveCfg = Release|Any CPU
		{8D65E222-6F8D-4935-B85B-524A45724ED8}.Release|Any CPU.Build.0 = Release|Any CPU
	EndGlobalSection
	GlobalSection(SolutionProperties) = preSolution
		HideSolutionNode = FALSE
	EndGlobalSection
	GlobalSection(NestedProjects) = preSolution
		{8D65E222-6F8D-4935-B85B-524A45724ED8} = {79654BB3-7882-4FA4-869A-FB66842DB91D}
	EndGlobalSection
	GlobalSection(ExtensibilityGlobals) = postSolution
		SolutionGuid = {886C9348-645E-4490-8324-05442A5DFCD5}
	EndGlobalSection
EndGlobal
